
Microsoft Visual Studio Solution File, Format Version 12.00
# Visual Studio Version 17
VisualStudioVersion = 17.9.34728.123
MinimumVisualStudioVersion = 10.0.40219.1
Project("{FAE04EC0-301F-11D3-BF4B-00C04F79EFBC}") = "Design_Patterns_Demo", "Design_Patterns_Demo\Design_Patterns_Demo.csproj", "{7FE7E8B6-7D94-4F30-9D83-64FBAE70B829}"
EndProject
Global
	GlobalSection(SolutionConfigurationPlatforms) = preSolution
		Debug|Any CPU = Debug|Any CPU
		Release|Any CPU = Release|Any CPU
	EndGlobalSection
	GlobalSection(ProjectConfigurationPlatforms) = postSolution
		{7FE7E8B6-7D94-4F30-9D83-64FBAE70B829}.Debug|Any CPU.ActiveCfg = Debug|Any CPU
		{7FE7E8B6-7D94-4F30-9D83-64FBAE70B829}.Debug|Any CPU.Build.0 = Debug|Any CPU
		{7FE7E8B6-7D94-4F30-9D83-64FBAE70B829}.Release|Any CPU.ActiveCfg = Release|Any CPU
		{7FE7E8B6-7D94-4F30-9D83-64FBAE70B829}.Release|Any CPU.Build.0 = Release|Any CPU
	EndGlobalSection
	GlobalSection(SolutionProperties) = preSolution
		HideSolutionNode = FALSE
	EndGlobalSection
	GlobalSection(ExtensibilityGlobals) = postSolution
		SolutionGuid = {B9AE3533-2B83-420C-9E71-5782E022D6AA}
	EndGlobalSection
EndGlobal
